
Microsoft Visual Studio Solution File, Format Version 12.00
# Visual Studio Version 17
VisualStudioVersion = 17.2.32602.215
MinimumVisualStudioVersion = 10.0.40219.1
Project("{2150E333-8FDC-42A3-9474-1A3956D46DE8}") = "Microservices", "Microservices", "{D5B9D486-6EA0-4579-81BB-F7B587A8BED7}"
	ProjectSection(SolutionItems) = preProject
		docker-compose.yml = docker-compose.yml
	EndProjectSection
EndProject
Project("{FAE04EC0-301F-11D3-BF4B-00C04F79EFBC}") = "ProductMicroservice", "ProductMicroservice\ProductMicroservice.csproj", "{398A504D-F47B-4D75-9C59-D28DB21CF836}"
EndProject
Project("{FAE04EC0-301F-11D3-BF4B-00C04F79EFBC}") = "UserMicroservice", "UserMicroservice\UserMicroservice.csproj", "{96477746-C96C-4F17-84AA-722FAABE02A6}"
EndProject
Project("{FAE04EC0-301F-11D3-BF4B-00C04F79EFBC}") = "OcelotAPIGateway", "OcelotAPIGateway\OcelotAPIGateway.csproj", "{205DA396-32C0-45BF-AAEE-35F8E16C3512}"
EndProject
Project("{2150E333-8FDC-42A3-9474-1A3956D46DE8}") = "Solution Items", "Solution Items", "{355D2CD2-7304-4D62-B8B6-1749A8044ED4}"
	ProjectSection(SolutionItems) = preProject
		docker-compose.yml = docker-compose.yml
	EndProjectSection
EndProject
Global
	GlobalSection(SolutionConfigurationPlatforms) = preSolution
		Debug|Any CPU = Debug|Any CPU
		Release|Any CPU = Release|Any CPU
	EndGlobalSection
	GlobalSection(ProjectConfigurationPlatforms) = postSolution
		{398A504D-F47B-4D75-9C59-D28DB21CF836}.Debug|Any CPU.ActiveCfg = Debug|Any CPU
		{398A504D-F47B-4D75-9C59-D28DB21CF836}.Debug|Any CPU.Build.0 = Debug|Any CPU
		{398A504D-F47B-4D75-9C59-D28DB21CF836}.Release|Any CPU.ActiveCfg = Release|Any CPU
		{398A504D-F47B-4D75-9C59-D28DB21CF836}.Release|Any CPU.Build.0 = Release|Any CPU
		{96477746-C96C-4F17-84AA-722FAABE02A6}.Debug|Any CPU.ActiveCfg = Debug|Any CPU
		{96477746-C96C-4F17-84AA-722FAABE02A6}.Debug|Any CPU.Build.0 = Debug|Any CPU
		{96477746-C96C-4F17-84AA-722FAABE02A6}.Release|Any CPU.ActiveCfg = Release|Any CPU
		{96477746-C96C-4F17-84AA-722FAABE02A6}.Release|Any CPU.Build.0 = Release|Any CPU
		{205DA396-32C0-45BF-AAEE-35F8E16C3512}.Debug|Any CPU.ActiveCfg = Debug|Any CPU
		{205DA396-32C0-45BF-AAEE-35F8E16C3512}.Debug|Any CPU.Build.0 = Debug|Any CPU
		{205DA396-32C0-45BF-AAEE-35F8E16C3512}.Release|Any CPU.ActiveCfg = Release|Any CPU
		{205DA396-32C0-45BF-AAEE-35F8E16C3512}.Release|Any CPU.Build.0 = Release|Any CPU
	EndGlobalSection
	GlobalSection(SolutionProperties) = preSolution
		HideSolutionNode = FALSE
	EndGlobalSection
	GlobalSection(NestedProjects) = preSolution
		{398A504D-F47B-4D75-9C59-D28DB21CF836} = {D5B9D486-6EA0-4579-81BB-F7B587A8BED7}
		{96477746-C96C-4F17-84AA-722FAABE02A6} = {D5B9D486-6EA0-4579-81BB-F7B587A8BED7}
	EndGlobalSection
	GlobalSection(ExtensibilityGlobals) = postSolution
		SolutionGuid = {F9E90F0C-89A6-4061-A75A-152D14931947}
	EndGlobalSection
EndGlobal
